
Microsoft Visual Studio Solution File, Format Version 12.00
# Visual Studio Version 17
VisualStudioVersion = 17.14.36414.22 d17.14
MinimumVisualStudioVersion = 10.0.40219.1
Project("{FAE04EC0-301F-11D3-BF4B-00C04F79EFBC}") = "Desktop-FINAL2", "Desktop-FINAL2.csproj", "{CCD992D5-A7E8-4ED8-9FEA-57F9F54D41B6}"
EndProject
Global
	GlobalSection(SolutionConfigurationPlatforms) = preSolution
		Debug|Any CPU = Debug|Any CPU
		Release|Any CPU = Release|Any CPU
	EndGlobalSection
	GlobalSection(ProjectConfigurationPlatforms) = postSolution
		{CCD992D5-A7E8-4ED8-9FEA-57F9F54D41B6}.Debug|Any CPU.ActiveCfg = Debug|Any CPU
		{CCD992D5-A7E8-4ED8-9FEA-57F9F54D41B6}.Debug|Any CPU.Build.0 = Debug|Any CPU
		{CCD992D5-A7E8-4ED8-9FEA-57F9F54D41B6}.Release|Any CPU.ActiveCfg = Release|Any CPU
		{CCD992D5-A7E8-4ED8-9FEA-57F9F54D41B6}.Release|Any CPU.Build.0 = Release|Any CPU
	EndGlobalSection
	GlobalSection(SolutionProperties) = preSolution
		HideSolutionNode = FALSE
	EndGlobalSection
	GlobalSection(ExtensibilityGlobals) = postSolution
		SolutionGuid = {F5621523-06DA-4143-8801-0BAC66CA52EA}
	EndGlobalSection
EndGlobal
